annotated-types==0.7.0
anyio==4.13.0
attrs==26.1.0
certifi==2026.4.22
cffi==2.0.0
charset-normalizer==3.4.7
click==8.3.3
click-default-group==1.2.4
colorama==0.4.6
cryptography==48.0.0
deprecation==2.1.0
h11==0.16.0
httpcore==1.0.9
httpx==0.28.1
httpx-sse==0.4.3
hypothesis==6.152.6
idna==3.14
iniconfig==2.3.0
jsonschema==4.26.0
jsonschema-specifications==2025.9.1
lance-namespace==0.7.6
lance-namespace-urllib3-client==0.7.6
lancedb==0.30.2
mcp==1.27.1
numpy==2.4.4
packaging==26.2
pluggy==1.6.0
psutil==7.2.2
pyarrow==24.0.0
pycparser==3.0
pydantic==2.13.4
pydantic-settings==2.14.1
pydantic_core==2.46.4
Pygments==2.20.0
PyJWT==2.12.1
pytest==9.0.3
python-dateutil==2.9.0.post0
python-dotenv==1.2.2
python-multipart==0.0.28
pywin32==311
referencing==0.37.0
requests==2.33.1
rpds-py==0.30.0
six==1.17.0
sortedcontainers==2.4.0
sqlite-fts4==1.0.3
sqlite-utils==3.39
sse-starlette==3.4.3
starlette==1.0.0
tabulate==0.10.0
tqdm==4.67.3
typing-inspection==0.4.2
typing_extensions==4.15.0
urllib3==2.7.0
uvicorn==0.46.0
watchdog==6.0.0
